// !$*UTF8*$!
{
	archiveVersion = 1;
	classes = {
	};
	objectVersion = 50;
	objects = {

/* Begin PBXBuildFile section */
		79745BBA259BD1E300708D60 /* AppDelegate.swift in Sources */ = {isa = PBXBuildFile; fileRef = 79745BB9259BD1E300708D60 /* AppDelegate.swift */; };
		79745BBC259BD1E300708D60 /* SceneDelegate.swift in Sources */ = {isa = PBXBuildFile; fileRef = 79745BBB259BD1E300708D60 /* SceneDelegate.swift */; };
		79745BBE259BD1E300708D60 /* ViewController.swift in Sources */ = {isa = PBXBuildFile; fileRef = 79745BBD259BD1E300708D60 /* ViewController.swift */; };
		79745BC1259BD1E300708D60 /* Main.storyboard in Resources */ = {isa = PBXBuildFile; fileRef = 79745BBF259BD1E300708D60 /* Main.storyboard */; };
		79745BC3259BD1E600708D60 /* Assets.xcassets in Resources */ = {isa = PBXBuildFile; fileRef = 79745BC2259BD1E600708D60 /* Assets.xcassets */; };
		79745BC6259BD1E600708D60 /* LaunchScreen.storyboard in Resources */ = {isa = PBXBuildFile; fileRef = 79745BC4259BD1E600708D60 /* LaunchScreen.storyboard */; };
		79745BCF259BD33400708D60 /* Story.swift in Sources */ = {isa = PBXBuildFile; fileRef = 79745BCE259BD33300708D60 /* Story.swift */; };
		79745BD2259BD34700708D60 /* API.swift in Sources */ = {isa = PBXBuildFile; fileRef = 79745BD1259BD34700708D60 /* API.swift */; };
/* End PBXBuildFile section */

/* Begin PBXFileReference section */
		79745BB6259BD1E300708D60 /* LatestHackerStories.app */ = {isa = PBXFileReference; explicitFileType = wrapper.application; includeInIndex = 0; path = LatestHackerStories.app; sourceTree = BUILT_PRODUCTS_DIR; };
		79745BB9259BD1E300708D60 /* AppDelegate.swift */ = {isa = PBXFileReference; lastKnownFileType = sourcecode.swift; path = AppDelegate.swift; sourceTree = "<group>"; };
		79745BBB259BD1E300708D60 /* SceneDelegate.swift */ = {isa = PBXFileReference; lastKnownFileType = sourcecode.swift; path = SceneDelegate.swift; sourceTree = "<group>"; };
		79745BBD259BD1E300708D60 /* ViewController.swift */ = {isa = PBXFileReference; lastKnownFileType = sourcecode.swift; path = ViewController.swift; sourceTree = "<group>"; };
		79745BC0259BD1E300708D60 /* Base */ = {isa = PBXFileReference; lastKnownFileType = file.storyboard; name = Base; path = Base.lproj/Main.storyboard; sourceTree = "<group>"; };
		79745BC2259BD1E600708D60 /* Assets.xcassets */ = {isa = PBXFileReference; lastKnownFileType = folder.assetcatalog; path = Assets.xcassets; sourceTree = "<group>"; };
		79745BC5259BD1E600708D60 /* Base */ = {isa = PBXFileReference; lastKnownFileType = file.storyboard; name = Base; path = Base.lproj/LaunchScreen.storyboard; sourceTree = "<group>"; };
		79745BC7259BD1E600708D60 /* Info.plist */ = {isa = PBXFileReference; lastKnownFileType = text.plist.xml; path = Info.plist; sourceTree = "<group>"; };
		79745BCE259BD33300708D60 /* Story.swift */ = {isa = PBXFileReference; fileEncoding = 4; lastKnownFileType = sourcecode.swift; path = Story.swift; sourceTree = "<group>"; };
		79745BD1259BD34700708D60 /* API.swift */ = {isa = PBXFileReference; lastKnownFileType = sourcecode.swift; path = API.swift; sourceTree = "<group>"; };
/* End PBXFileReference section */

/* Begin PBXFrameworksBuildPhase section */
		79745BB3259BD1E300708D60 /* Frameworks */ = {
			isa = PBXFrameworksBuildPhase;
			buildActionMask = 2147483647;
			files = (
			);
			runOnlyForDeploymentPostprocessing = 0;
		};
/* End PBXFrameworksBuildPhase section */

/* Begin PBXGroup section */
		79745BAD259BD1E300708D60 = {
			isa = PBXGroup;
			children = (
				79745BB8259BD1E300708D60 /* LatestHackerStories */,
				79745BB7259BD1E300708D60 /* Products */,
			);
			sourceTree = "<group>";
		};
		79745BB7259BD1E300708D60 /* Products */ = {
			isa = PBXGroup;
			children = (
				79745BB6259BD1E300708D60 /* LatestHackerStories.app */,
			);
			name = Products;
			sourceTree = "<group>";
		};
		79745BB8259BD1E300708D60 /* LatestHackerStories */ = {
			isa = PBXGroup;
			children = (
				79745BB9259BD1E300708D60 /* AppDelegate.swift */,
				79745BBB259BD1E300708D60 /* SceneDelegate.swift */,
				79745BBD259BD1E300708D60 /* ViewController.swift */,
				79745BCE259BD33300708D60 /* Story.swift */,
				79745BD1259BD34700708D60 /* API.swift */,
				79745BBF259BD1E300708D60 /* Main.storyboard */,
				79745BC2259BD1E600708D60 /* Assets.xcassets */,
				79745BC4259BD1E600708D60 /* LaunchScreen.storyboard */,
				79745BC7259BD1E600708D60 /* Info.plist */,
			);
			path = LatestHackerStories;
			sourceTree = "<group>";
		};
/* End PBXGroup section */

/* Begin PBXNativeTarget section */
		79745BB5259BD1E300708D60 /* LatestHackerStories */ = {
			isa = PBXNativeTarget;
			buildConfigurationList = 79745BCA259BD1E600708D60 /* Build configuration list for PBXNativeTarget "LatestHackerStories" */;
			buildPhases = (
				79745BB2259BD1E300708D60 /* Sources */,
				79745BB3259BD1E300708D60 /* Frameworks */,
				79745BB4259BD1E300708D60 /* Resources */,
			);
			buildRules = (
			);
			dependencies = (
			);
			name = LatestHackerStories;
			productName = LatestHackerStories;
			productReference = 79745BB6259BD1E300708D60 /* LatestHackerStories.app */;
			productType = "com.apple.product-type.application";
		};
/* End PBXNativeTarget section */

/* Begin PBXProject section */
		79745BAE259BD1E300708D60 /* Project object */ = {
			isa = PBXProject;
			attributes = {
				LastSwiftUpdateCheck = 1200;
				LastUpgradeCheck = 1200;
				TargetAttributes = {
					79745BB5259BD1E300708D60 = {
						CreatedOnToolsVersion = 12.0;
					};
				};
			};
			buildConfigurationList = 79745BB1259BD1E300708D60 /* Build configuration list for PBXProject "LatestHackerStories" */;
			compatibilityVersion = "Xcode 9.3";
			developmentRegion = en;
			hasScannedForEncodings = 0;
			knownRegions = (
				en,
				Base,
			);
			mainGroup = 79745BAD259BD1E300708D60;
			productRefGroup = 79745BB7259BD1E300708D60 /* Products */;
			projectDirPath = "";
			projectRoot = "";
			targets = (
				79745BB5259BD1E300708D60 /* LatestHackerStories */,
			);
		};
/* End PBXProject section */

/* Begin PBXResourcesBuildPhase section */
		79745BB4259BD1E300708D60 /* Resources */ = {
			isa = PBXResourcesBuildPhase;
			buildActionMask = 2147483647;
			files = (
				79745BC6259BD1E600708D60 /* LaunchScreen.storyboard in Resources */,
				79745BC3259BD1E600708D60 /* Assets.xcassets in Resources */,
				79745BC1259BD1E300708D60 /* Main.storyboard in Resources */,
			);
			runOnlyForDeploymentPostprocessing = 0;
		};
/* End PBXResourcesBuildPhase section */

/* Begin PBXSourcesBuildPhase section */
		79745BB2259BD1E300708D60 /* Sources */ = {
			isa = PBXSourcesBuildPhase;
			buildActionMask = 2147483647;
			files = (
				79745BBE259BD1E300708D60 /* ViewController.swift in Sources */,
				79745BBA259BD1E300708D60 /* AppDelegate.swift in Sources */,
				79745BBC259BD1E300708D60 /* SceneDelegate.swift in Sources */,
				79745BCF259BD33400708D60 /* Story.swift in Sources */,
				79745BD2259BD34700708D60 /* API.swift in Sources */,
			);
			runOnlyForDeploymentPostprocessing = 0;
		};
/* End PBXSourcesBuildPhase section */

/* Begin PBXVariantGroup section */
		79745BBF259BD1E300708D60 /* Main.storyboard */ = {
			isa = PBXVariantGroup;
			children = (
				79745BC0259BD1E300708D60 /* Base */,
			);
			name = Main.storyboard;
			sourceTree = "<group>";
		};
		79745BC4259BD1E600708D60 /* LaunchScreen.storyboard */ = {
			isa = PBXVariantGroup;
			children = (
				79745BC5259BD1E600708D60 /* Base */,
			);
			name = LaunchScreen.storyboard;
			sourceTree = "<group>";
		};
/* End PBXVariantGroup section */

/* Begin XCBuildConfiguration section */
		79745BC8259BD1E600708D60 /* Debug */ = {
			isa = XCBuildConfiguration;
			buildSettings = {
				ALWAYS_SEARCH_USER_PATHS = NO;
				CLANG_ANALYZER_NONNULL = YES;
				CLANG_ANALYZER_NUMBER_OBJECT_CONVERSION = YES_AGGRESSIVE;
				CLANG_CXX_LANGUAGE_STANDARD = "gnu++14";
				CLANG_CXX_LIBRARY = "libc++";
				CLANG_ENABLE_MODULES = YES;
				CLANG_ENABLE_OBJC_ARC = YES;
				CLANG_ENABLE_OBJC_WEAK = YES;
				CLANG_WARN_BLOCK_CAPTURE_AUTORELEASING = YES;
				CLANG_WARN_BOOL_CONVERSION = YES;
				CLANG_WARN_COMMA = YES;
				CLANG_WARN_CONSTANT_CONVERSION = YES;
				CLANG_WARN_DEPRECATED_OBJC_IMPLEMENTATIONS = YES;
				CLANG_WARN_DIRECT_OBJC_ISA_USAGE = YES_ERROR;
				CLANG_WARN_DOCUMENTATION_COMMENTS = YES;
				CLANG_WARN_EMPTY_BODY = YES;
				CLANG_WARN_ENUM_CONVERSION = YES;
				CLANG_WARN_INFINITE_RECURSION = YES;
				CLANG_WARN_INT_CONVERSION = YES;
				CLANG_WARN_NON_LITERAL_NULL_CONVERSION = YES;
				CLANG_WARN_OBJC_IMPLICIT_RETAIN_SELF = YES;
				CLANG_WARN_OBJC_LITERAL_CONVERSION = YES;
				CLANG_WARN_OBJC_ROOT_CLASS = YES_ERROR;
				CLANG_WARN_QUOTED_INCLUDE_IN_FRAMEWORK_HEADER = YES;
				CLANG_WARN_RANGE_LOOP_ANALYSIS = YES;
				CLANG_WARN_STRICT_PROTOTYPES = YES;
				CLANG_WARN_SUSPICIOUS_MOVE = YES;
				CLANG_WARN_UNGUARDED_AVAILABILITY = YES_AGGRESSIVE;
				CLANG_WARN_UNREACHABLE_CODE = YES;
				CLANG_WARN__DUPLICATE_METHOD_MATCH = YES;
				COPY_PHASE_STRIP = NO;
				DEBUG_INFORMATION_FORMAT = dwarf;
				ENABLE_STRICT_OBJC_MSGSEND = YES;
				ENABLE_TESTABILITY = YES;
				GCC_C_LANGUAGE_STANDARD = gnu11;
				GCC_DYNAMIC_NO_PIC = NO;
				GCC_NO_COMMON_BLOCKS = YES;
				GCC_OPTIMIZATION_LEVEL = 0;
				GCC_PREPROCESSOR_DEFINITIONS = (
					"DEBUG=1",
					"$(inherited)",
				);
				GCC_WARN_64_TO_32_BIT_CONVERSION = YES;
				GCC_WARN_ABOUT_RETURN_TYPE = YES_ERROR;
				GCC_WARN_UNDECLARED_SELECTOR = YES;
				GCC_WARN_UNINITIALIZED_AUTOS = YES_AGGRESSIVE;
				GCC_WARN_UNUSED_FUNCTION = YES;
				GCC_WARN_UNUSED_VARIABLE = YES;
				IPHONEOS_DEPLOYMENT_TARGET = 14.0;
				MTL_ENABLE_DEBUG_INFO = INCLUDE_SOURCE;
				MTL_FAST_MATH = YES;
				ONLY_ACTIVE_ARCH = YES;
				SDKROOT = iphoneos;
				SWIFT_ACTIVE_COMPILATION_CONDITIONS = DEBUG;
				SWIFT_OPTIMIZATION_LEVEL = "-Onone";
			};
			name = Debug;
		};
		79745BC9259BD1E600708D60 /* Release */ = {
			isa = XCBuildConfiguration;
			buildSettings = {
				ALWAYS_SEARCH_USER_PATHS = NO;
				CLANG_ANALYZER_NONNULL = YES;
				CLANG_ANALYZER_NUMBER_OBJECT_CONVERSION = YES_AGGRESSIVE;
				CLANG_CXX_LANGUAGE_STANDARD = "gnu++14";
				CLANG_CXX_LIBRARY = "libc++";
				CLANG_ENABLE_MODULES = YES;
				CLANG_ENABLE_OBJC_ARC = YES;
				CLANG_ENABLE_OBJC_WEAK = YES;
				CLANG_WARN_BLOCK_CAPTURE_AUTORELEASING = YES;
				CLANG_WARN_BOOL_CONVERSION = YES;
				CLANG_WARN_COMMA = YES;
				CLANG_WARN_CONSTANT_CONVERSION = YES;
				CLANG_WARN_DEPRECATED_OBJC_IMPLEMENTATIONS = YES;
				CLANG_WARN_DIRECT_OBJC_ISA_USAGE = YES_ERROR;
				CLANG_WARN_DOCUMENTATION_COMMENTS = YES;
				CLANG_WARN_EMPTY_BODY = YES;
				CLANG_WARN_ENUM_CONVERSION = YES;
				CLANG_WARN_INFINITE_RECURSION = YES;
				CLANG_WARN_INT_CONVERSION = YES;
				CLANG_WARN_NON_LITERAL_NULL_CONVERSION = YES;
				CLANG_WARN_OBJC_IMPLICIT_RETAIN_SELF = YES;
				CLANG_WARN_OBJC_LITERAL_CONVERSION = YES;
				CLANG_WARN_OBJC_ROOT_CLASS = YES_ERROR;
				CLANG_WARN_QUOTED_INCLUDE_IN_FRAMEWORK_HEADER = YES;
				CLANG_WARN_RANGE_LOOP_ANALYSIS = YES;
				CLANG_WARN_STRICT_PROTOTYPES = YES;
				CLANG_WARN_SUSPICIOUS_MOVE = YES;
				CLANG_WARN_UNGUARDED_AVAILABILITY = YES_AGGRESSIVE;
				CLANG_WARN_UNREACHABLE_CODE = YES;
				CLANG_WARN__DUPLICATE_METHOD_MATCH = YES;
				COPY_PHASE_STRIP = NO;
				DEBUG_INFORMATION_FORMAT = "dwarf-with-dsym";
				ENABLE_NS_ASSERTIONS = NO;
				ENABLE_STRICT_OBJC_MSGSEND = YES;
				GCC_C_LANGUAGE_STANDARD = gnu11;
				GCC_NO_COMMON_BLOCKS = YES;
				GCC_WARN_64_TO_32_BIT_CONVERSION = YES;
				GCC_WARN_ABOUT_RETURN_TYPE = YES_ERROR;
				GCC_WARN_UNDECLARED_SELECTOR = YES;
				GCC_WARN_UNINITIALIZED_AUTOS = YES_AGGRESSIVE;
				GCC_WARN_UNUSED_FUNCTION = YES;
				GCC_WARN_UNUSED_VARIABLE = YES;
				IPHONEOS_DEPLOYMENT_TARGET = 14.0;
				MTL_ENABLE_DEBUG_INFO = NO;
				MTL_FAST_MATH = YES;
				SDKROOT = iphoneos;
				SWIFT_COMPILATION_MODE = wholemodule;
				SWIFT_OPTIMIZATION_LEVEL = "-O";
				VALIDATE_PRODUCT = YES;
			};
			name = Release;
		};
		79745BCB259BD1E600708D60 /* Debug */ = {
			isa = XCBuildConfiguration;
			buildSettings = {
				ASSETCATALOG_COMPILER_APPICON_NAME = AppIcon;
				ASSETCATALOG_COMPILER_GLOBAL_ACCENT_COLOR_NAME = AccentColor;
				CODE_SIGN_STYLE = Automatic;
				DEVELOPMENT_TEAM = "";
				INFOPLIST_FILE = LatestHackerStories/Info.plist;
				LD_RUNPATH_SEARCH_PATHS = (
					"$(inherited)",
					"@executable_path/Frameworks",
				);
				PRODUCT_BUNDLE_IDENTIFIER = com.zkline101.LatestHackerStories;
				PRODUCT_NAME = "$(TARGET_NAME)";
				SWIFT_VERSION = 5.0;
				TARGETED_DEVICE_FAMILY = "1,2";
			};
			name = Debug;
		};
		79745BCC259BD1E600708D60 /* Release */ = {
			isa = XCBuildConfiguration;
			buildSettings = {
				ASSETCATALOG_COMPILER_APPICON_NAME = AppIcon;
				ASSETCATALOG_COMPILER_GLOBAL_ACCENT_COLOR_NAME = AccentColor;
				CODE_SIGN_STYLE = Automatic;
				DEVELOPMENT_TEAM = "";
				INFOPLIST_FILE = LatestHackerStories/Info.plist;
				LD_RUNPATH_SEARCH_PATHS = (
					"$(inherited)",
					"@executable_path/Frameworks",
				);
				PRODUCT_BUNDLE_IDENTIFIER = com.zkline101.LatestHackerStories;
				PRODUCT_NAME = "$(TARGET_NAME)";
				SWIFT_VERSION = 5.0;
				TARGETED_DEVICE_FAMILY = "1,2";
			};
			name = Release;
		};
/* End XCBuildConfiguration section */

/* Begin XCConfigurationList section */
		79745BB1259BD1E300708D60 /* Build configuration list for PBXProject "LatestHackerStories" */ = {
			isa = XCConfigurationList;
			buildConfigurations = (
				79745BC8259BD1E600708D60 /* Debug */,
				79745BC9259BD1E600708D60 /* Release */,
			);
			defaultConfigurationIsVisible = 0;
			defaultConfigurationName = Release;
		};
		79745BCA259BD1E600708D60 /* Build configuration list for PBXNativeTarget "LatestHackerStories" */ = {
			isa = XCConfigurationList;
			buildConfigurations = (
				79745BCB259BD1E600708D60 /* Debug */,
				79745BCC259BD1E600708D60 /* Release */,
			);
			defaultConfigurationIsVisible = 0;
			defaultConfigurationName = Release;
		};
/* End XCConfigurationList section */
	};
	rootObject = 79745BAE259BD1E300708D60 /* Project object */;
}
